
Microsoft Visual Studio Solution File, Format Version 12.00
# Visual Studio Version 17
VisualStudioVersion = 17.3.32819.101
MinimumVisualStudioVersion = 10.0.40219.1
Project("{FAE04EC0-301F-11D3-BF4B-00C04F79EFBC}") = "PhoneManager", "PhoneManager.csproj", "{9914EA94-F4F0-40F6-A37D-83AC68CEB53C}"
EndProject
Global
	GlobalSection(SolutionConfigurationPlatforms) = preSolution
		Debug|Any CPU = Debug|Any CPU
		Release|Any CPU = Release|Any CPU
	EndGlobalSection
	GlobalSection(ProjectConfigurationPlatforms) = postSolution
		{9914EA94-F4F0-40F6-A37D-83AC68CEB53C}.Debug|Any CPU.ActiveCfg = Debug|Any CPU
		{9914EA94-F4F0-40F6-A37D-83AC68CEB53C}.Debug|Any CPU.Build.0 = Debug|Any CPU
		{9914EA94-F4F0-40F6-A37D-83AC68CEB53C}.Release|Any CPU.ActiveCfg = Release|Any CPU
		{9914EA94-F4F0-40F6-A37D-83AC68CEB53C}.Release|Any CPU.Build.0 = Release|Any CPU
	EndGlobalSection
	GlobalSection(SolutionProperties) = preSolution
		HideSolutionNode = FALSE
	EndGlobalSection
	GlobalSection(ExtensibilityGlobals) = postSolution
		SolutionGuid = {DDF17886-5D19-4EF6-B506-0735EC2540F7}
	EndGlobalSection
EndGlobal
